
Microsoft Visual Studio Solution File, Format Version 11.00
# Visual Studio 2010
Project("{FAE04EC0-301F-11D3-BF4B-00C04F79EFBC}") = "CivLibrary", "CivLibrary.csproj", "{D0DA2F97-634B-4693-A73B-0C2241BA0C4C}"
EndProject
Project("{FAE04EC0-301F-11D3-BF4B-00C04F79EFBC}") = "test", "test\test.csproj", "{4F144F36-1708-48A0-9457-211E569A379E}"
EndProject
Global
	GlobalSection(SolutionConfigurationPlatforms) = preSolution
		Debug|Any CPU = Debug|Any CPU
		Release|Any CPU = Release|Any CPU
	EndGlobalSection
	GlobalSection(ProjectConfigurationPlatforms) = postSolution
		{4F144F36-1708-48A0-9457-211E569A379E}.Debug|Any CPU.ActiveCfg = Debug|Any CPU
		{4F144F36-1708-48A0-9457-211E569A379E}.Debug|Any CPU.Build.0 = Debug|Any CPU
		{4F144F36-1708-48A0-9457-211E569A379E}.Release|Any CPU.ActiveCfg = Release|Any CPU
		{D0DA2F97-634B-4693-A73B-0C2241BA0C4C}.Debug|Any CPU.ActiveCfg = Debug|Any CPU
		{D0DA2F97-634B-4693-A73B-0C2241BA0C4C}.Debug|Any CPU.Build.0 = Debug|Any CPU
		{D0DA2F97-634B-4693-A73B-0C2241BA0C4C}.Release|Any CPU.ActiveCfg = Release|Any CPU
		{D0DA2F97-634B-4693-A73B-0C2241BA0C4C}.Release|Any CPU.Build.0 = Release|Any CPU
	EndGlobalSection
	GlobalSection(MonoDevelopProperties) = preSolution
		Policies = $0
		$0.TextStylePolicy = $1
		$1.TabsToSpaces = False
		$1.inheritsSet = VisualStudio
		$1.inheritsScope = text/plain
		$1.scope = text/x-csharp
		$0.CSharpFormattingPolicy = $2
		$2.IndentSwitchBody = True
		$2.AutoPropertyFormatting = ForceOneLine
		$2.AnonymousMethodBraceStyle = NextLine
		$2.PropertyBraceStyle = NextLine
		$2.PropertyGetBraceStyle = NextLine
		$2.PropertySetBraceStyle = NextLine
		$2.EventBraceStyle = NextLine
		$2.EventAddBraceStyle = NextLine
		$2.EventRemoveBraceStyle = NextLine
		$2.StatementBraceStyle = NextLine
		$2.ElseNewLinePlacement = NewLine
		$2.CatchNewLinePlacement = NewLine
		$2.FinallyNewLinePlacement = NewLine
		$2.WhileNewLinePlacement = NewLine
		$2.ArrayInitializerBraceStyle = NextLine
		$2.NewLineBeforeConstructorInitializerColon = NewLine
		$2.NewLineAfterConstructorInitializerColon = SameLine
		$2.AfterDelegateDeclarationParameterComma = True
		$2.BeforeSizeOfParentheses = True
		$2.BeforeTypeOfParentheses = True
		$2.SpacesBeforeArrayDeclarationBrackets = True
		$2.MethodCallArgumentWrapping = WrapIfTooLong
		$2.MethodDeclarationParameterWrapping = WrapIfTooLong
		$2.IndexerDeclarationParameterWrapping = WrapIfTooLong
		$2.IndexerArgumentWrapping = WrapIfTooLong
		$2.inheritsSet = Mono
		$2.inheritsScope = text/x-csharp
		$2.scope = text/x-csharp
		version = 0.1.3
	EndGlobalSection
EndGlobal
